// !$*UTF8*$!
{
	archiveVersion = 1;
	classes = {
	};
	objectVersion = 46;
	objects = {

/* Begin PBXBuildFile section */
		333BF1443832CA1D150D33A1 /* Pods_Ballabbble.framework in Frameworks */ = {isa = PBXBuildFile; fileRef = 748E620FCA833CD71D06457E /* Pods_Ballabbble.framework */; };
		371C7C5A1EE00CDF0027C37E /* Marshal+Extensions.swift in Sources */ = {isa = PBXBuildFile; fileRef = 371C7C591EE00CDF0027C37E /* Marshal+Extensions.swift */; };
		371C7C5C1EE00DD10027C37E /* Team.swift in Sources */ = {isa = PBXBuildFile; fileRef = 371C7C5B1EE00DD10027C37E /* Team.swift */; };
		371C7C5E1EE00DDF0027C37E /* User.swift in Sources */ = {isa = PBXBuildFile; fileRef = 371C7C5D1EE00DDF0027C37E /* User.swift */; };
		371C7C621EE011640027C37E /* ShotsViewController.swift in Sources */ = {isa = PBXBuildFile; fileRef = 371C7C611EE011640027C37E /* ShotsViewController.swift */; };
		371C7C6A1EE013D30027C37E /* ReusableView.swift in Sources */ = {isa = PBXBuildFile; fileRef = 371C7C651EE013D30027C37E /* ReusableView.swift */; };
		371C7C6B1EE013D30027C37E /* UICollectionViewElementKind.swift in Sources */ = {isa = PBXBuildFile; fileRef = 371C7C661EE013D30027C37E /* UICollectionViewElementKind.swift */; };
		371C7C6C1EE013D30027C37E /* UICollectionViewExtensions.swift in Sources */ = {isa = PBXBuildFile; fileRef = 371C7C671EE013D30027C37E /* UICollectionViewExtensions.swift */; };
		371C7C6D1EE013D30027C37E /* UIStoryboardExtensions.swift in Sources */ = {isa = PBXBuildFile; fileRef = 371C7C681EE013D30027C37E /* UIStoryboardExtensions.swift */; };
		371C7C6E1EE013D30027C37E /* UITableViewExtensions.swift in Sources */ = {isa = PBXBuildFile; fileRef = 371C7C691EE013D30027C37E /* UITableViewExtensions.swift */; };
		371C7C741EE01E880027C37E /* ShotCell.swift in Sources */ = {isa = PBXBuildFile; fileRef = 371C7C721EE01E880027C37E /* ShotCell.swift */; };
		371C7C751EE01E880027C37E /* ShotCell.xib in Resources */ = {isa = PBXBuildFile; fileRef = 371C7C731EE01E880027C37E /* ShotCell.xib */; };
		371C7C771EE01EB50027C37E /* ShotsViewModel.swift in Sources */ = {isa = PBXBuildFile; fileRef = 371C7C761EE01EB50027C37E /* ShotsViewModel.swift */; };
		371C7C7A1EE0243E0027C37E /* ShotsViewModelSpec.swift in Sources */ = {isa = PBXBuildFile; fileRef = 371C7C791EE0243E0027C37E /* ShotsViewModelSpec.swift */; };
		371C7C7C1EE02C9A0027C37E /* Moya+Marshal.swift in Sources */ = {isa = PBXBuildFile; fileRef = 371C7C7B1EE02C9A0027C37E /* Moya+Marshal.swift */; };
		371C7C7F1EE033CE0027C37E /* shots.json in Resources */ = {isa = PBXBuildFile; fileRef = 371C7C7E1EE033CE0027C37E /* shots.json */; };
		371C7C811EE034800027C37E /* MoyaProvider+Helpers.swift in Sources */ = {isa = PBXBuildFile; fileRef = 371C7C801EE034800027C37E /* MoyaProvider+Helpers.swift */; };
		371C7C831EE040960027C37E /* Providers.swift in Sources */ = {isa = PBXBuildFile; fileRef = 371C7C821EE040960027C37E /* Providers.swift */; };
		3797A5561F458F2E001A4472 /* SplashViewController.swift in Sources */ = {isa = PBXBuildFile; fileRef = 3797A5551F458F2E001A4472 /* SplashViewController.swift */; };
		3797A5591F459493001A4472 /* Main.storyboard in Resources */ = {isa = PBXBuildFile; fileRef = 3797A5571F459493001A4472 /* Main.storyboard */; };
		37D699971EDEF5BB005AE0D8 /* Dribbble.swift in Sources */ = {isa = PBXBuildFile; fileRef = 37D699961EDEF5BB005AE0D8 /* Dribbble.swift */; };
		37D6999A1EDFF68F005AE0D8 /* Shot.swift in Sources */ = {isa = PBXBuildFile; fileRef = 37D699991EDFF68F005AE0D8 /* Shot.swift */; };
		37EBDF9A1F3C6F5100871ADB /* AuthProvider.swift in Sources */ = {isa = PBXBuildFile; fileRef = 37EBDF991F3C6F5100871ADB /* AuthProvider.swift */; };
		8D37841E1EDC9AF400B2006A /* AppDelegate.swift in Sources */ = {isa = PBXBuildFile; fileRef = 8D37841D1EDC9AF400B2006A /* AppDelegate.swift */; };
		8D3784251EDC9AF400B2006A /* Assets.xcassets in Resources */ = {isa = PBXBuildFile; fileRef = 8D3784241EDC9AF400B2006A /* Assets.xcassets */; };
		8D3784281EDC9AF400B2006A /* LaunchScreen.storyboard in Resources */ = {isa = PBXBuildFile; fileRef = 8D3784261EDC9AF400B2006A /* LaunchScreen.storyboard */; };
		B995B748CEA2D87109403327 /* Pods_BallabbbleTests.framework in Frameworks */ = {isa = PBXBuildFile; fileRef = D262430FAAFE43EE7600346C /* Pods_BallabbbleTests.framework */; };
/* End PBXBuildFile section */

/* Begin PBXContainerItemProxy section */
		8D37842F1EDC9AF400B2006A /* PBXContainerItemProxy */ = {
			isa = PBXContainerItemProxy;
			containerPortal = 8D3784121EDC9AF400B2006A /* Project object */;
			proxyType = 1;
			remoteGlobalIDString = 8D3784191EDC9AF400B2006A;
			remoteInfo = Ballabbble;
		};
/* End PBXContainerItemProxy section */

/* Begin PBXFileReference section */
		371C7C591EE00CDF0027C37E /* Marshal+Extensions.swift */ = {isa = PBXFileReference; fileEncoding = 4; lastKnownFileType = sourcecode.swift; path = "Marshal+Extensions.swift"; sourceTree = "<group>"; };
		371C7C5B1EE00DD10027C37E /* Team.swift */ = {isa = PBXFileReference; fileEncoding = 4; lastKnownFileType = sourcecode.swift; path = Team.swift; sourceTree = "<group>"; };
		371C7C5D1EE00DDF0027C37E /* User.swift */ = {isa = PBXFileReference; fileEncoding = 4; lastKnownFileType = sourcecode.swift; path = User.swift; sourceTree = "<group>"; };
		371C7C611EE011640027C37E /* ShotsViewController.swift */ = {isa = PBXFileReference; fileEncoding = 4; lastKnownFileType = sourcecode.swift; path = ShotsViewController.swift; sourceTree = "<group>"; };
		371C7C651EE013D30027C37E /* ReusableView.swift */ = {isa = PBXFileReference; fileEncoding = 4; lastKnownFileType = sourcecode.swift; path = ReusableView.swift; sourceTree = "<group>"; };
		371C7C661EE013D30027C37E /* UICollectionViewElementKind.swift */ = {isa = PBXFileReference; fileEncoding = 4; lastKnownFileType = sourcecode.swift; path = UICollectionViewElementKind.swift; sourceTree = "<group>"; };
		371C7C671EE013D30027C37E /* UICollectionViewExtensions.swift */ = {isa = PBXFileReference; fileEncoding = 4; lastKnownFileType = sourcecode.swift; path = UICollectionViewExtensions.swift; sourceTree = "<group>"; };
		371C7C681EE013D30027C37E /* UIStoryboardExtensions.swift */ = {isa = PBXFileReference; fileEncoding = 4; lastKnownFileType = sourcecode.swift; path = UIStoryboardExtensions.swift; sourceTree = "<group>"; };
		371C7C691EE013D30027C37E /* UITableViewExtensions.swift */ = {isa = PBXFileReference; fileEncoding = 4; lastKnownFileType = sourcecode.swift; path = UITableViewExtensions.swift; sourceTree = "<group>"; };
		371C7C721EE01E880027C37E /* ShotCell.swift */ = {isa = PBXFileReference; fileEncoding = 4; lastKnownFileType = sourcecode.swift; path = ShotCell.swift; sourceTree = "<group>"; };
		371C7C731EE01E880027C37E /* ShotCell.xib */ = {isa = PBXFileReference; fileEncoding = 4; lastKnownFileType = file.xib; path = ShotCell.xib; sourceTree = "<group>"; };
		371C7C761EE01EB50027C37E /* ShotsViewModel.swift */ = {isa = PBXFileReference; fileEncoding = 4; lastKnownFileType = sourcecode.swift; path = ShotsViewModel.swift; sourceTree = "<group>"; };
		371C7C791EE0243E0027C37E /* ShotsViewModelSpec.swift */ = {isa = PBXFileReference; fileEncoding = 4; lastKnownFileType = sourcecode.swift; path = ShotsViewModelSpec.swift; sourceTree = "<group>"; };
		371C7C7B1EE02C9A0027C37E /* Moya+Marshal.swift */ = {isa = PBXFileReference; fileEncoding = 4; lastKnownFileType = sourcecode.swift; path = "Moya+Marshal.swift"; sourceTree = "<group>"; };
		371C7C7E1EE033CE0027C37E /* shots.json */ = {isa = PBXFileReference; fileEncoding = 4; lastKnownFileType = text.json; path = shots.json; sourceTree = "<group>"; };
		371C7C801EE034800027C37E /* MoyaProvider+Helpers.swift */ = {isa = PBXFileReference; fileEncoding = 4; lastKnownFileType = sourcecode.swift; path = "MoyaProvider+Helpers.swift"; sourceTree = "<group>"; };
		371C7C821EE040960027C37E /* Providers.swift */ = {isa = PBXFileReference; fileEncoding = 4; lastKnownFileType = sourcecode.swift; path = Providers.swift; sourceTree = "<group>"; };
		3797A5551F458F2E001A4472 /* SplashViewController.swift */ = {isa = PBXFileReference; fileEncoding = 4; lastKnownFileType = sourcecode.swift; path = SplashViewController.swift; sourceTree = "<group>"; };
		3797A5581F459493001A4472 /* Base */ = {isa = PBXFileReference; lastKnownFileType = file.storyboard; name = Base; path = Ballabbble/Base.lproj/Main.storyboard; sourceTree = "<group>"; };
		37D699961EDEF5BB005AE0D8 /* Dribbble.swift */ = {isa = PBXFileReference; fileEncoding = 4; lastKnownFileType = sourcecode.swift; path = Dribbble.swift; sourceTree = "<group>"; };
		37D699991EDFF68F005AE0D8 /* Shot.swift */ = {isa = PBXFileReference; fileEncoding = 4; lastKnownFileType = sourcecode.swift; path = Shot.swift; sourceTree = "<group>"; };
		37EBDF991F3C6F5100871ADB /* AuthProvider.swift */ = {isa = PBXFileReference; fileEncoding = 4; lastKnownFileType = sourcecode.swift; path = AuthProvider.swift; sourceTree = "<group>"; };
		4B7F9D8AFF22948265AD4FA8 /* Pods-Ballabbble.debug.xcconfig */ = {isa = PBXFileReference; includeInIndex = 1; lastKnownFileType = text.xcconfig; name = "Pods-Ballabbble.debug.xcconfig"; path = "Pods/Target Support Files/Pods-Ballabbble/Pods-Ballabbble.debug.xcconfig"; sourceTree = "<group>"; };
		6007F9DEB4A853A3BB463B28 /* Pods-Ballabbble.release.xcconfig */ = {isa = PBXFileReference; includeInIndex = 1; lastKnownFileType = text.xcconfig; name = "Pods-Ballabbble.release.xcconfig"; path = "Pods/Target Support Files/Pods-Ballabbble/Pods-Ballabbble.release.xcconfig"; sourceTree = "<group>"; };
		748E620FCA833CD71D06457E /* Pods_Ballabbble.framework */ = {isa = PBXFileReference; explicitFileType = wrapper.framework; includeInIndex = 0; path = Pods_Ballabbble.framework; sourceTree = BUILT_PRODUCTS_DIR; };
		8D37841A1EDC9AF400B2006A /* Ballabbble.app */ = {isa = PBXFileReference; explicitFileType = wrapper.application; includeInIndex = 0; path = Ballabbble.app; sourceTree = BUILT_PRODUCTS_DIR; };
		8D37841D1EDC9AF400B2006A /* AppDelegate.swift */ = {isa = PBXFileReference; lastKnownFileType = sourcecode.swift; path = AppDelegate.swift; sourceTree = "<group>"; };
		8D3784241EDC9AF400B2006A /* Assets.xcassets */ = {isa = PBXFileReference; lastKnownFileType = folder.assetcatalog; path = Assets.xcassets; sourceTree = "<group>"; };
		8D3784271EDC9AF400B2006A /* Base */ = {isa = PBXFileReference; lastKnownFileType = file.storyboard; name = Base; path = Base.lproj/LaunchScreen.storyboard; sourceTree = "<group>"; };
		8D3784291EDC9AF400B2006A /* Info.plist */ = {isa = PBXFileReference; lastKnownFileType = text.plist.xml; path = Info.plist; sourceTree = "<group>"; };
		8D37842E1EDC9AF400B2006A /* BallabbbleTests.xctest */ = {isa = PBXFileReference; explicitFileType = wrapper.cfbundle; includeInIndex = 0; path = BallabbbleTests.xctest; sourceTree = BUILT_PRODUCTS_DIR; };
		8D3784341EDC9AF400B2006A /* Info.plist */ = {isa = PBXFileReference; lastKnownFileType = text.plist.xml; path = Info.plist; sourceTree = "<group>"; };
		96923C84000E1190E49A31AB /* Pods-BallabbbleTests.debug.xcconfig */ = {isa = PBXFileReference; includeInIndex = 1; lastKnownFileType = text.xcconfig; name = "Pods-BallabbbleTests.debug.xcconfig"; path = "Pods/Target Support Files/Pods-BallabbbleTests/Pods-BallabbbleTests.debug.xcconfig"; sourceTree = "<group>"; };
		D262430FAAFE43EE7600346C /* Pods_BallabbbleTests.framework */ = {isa = PBXFileReference; explicitFileType = wrapper.framework; includeInIndex = 0; path = Pods_BallabbbleTests.framework; sourceTree = BUILT_PRODUCTS_DIR; };
		EC01AE3182F533789F38A2BB /* Pods-BallabbbleTests.release.xcconfig */ = {isa = PBXFileReference; includeInIndex = 1; lastKnownFileType = text.xcconfig; name = "Pods-BallabbbleTests.release.xcconfig"; path = "Pods/Target Support Files/Pods-BallabbbleTests/Pods-BallabbbleTests.release.xcconfig"; sourceTree = "<group>"; };
/* End PBXFileReference section */

/* Begin PBXFrameworksBuildPhase section */
		8D3784171EDC9AF400B2006A /* Frameworks */ = {
			isa = PBXFrameworksBuildPhase;
			buildActionMask = 2147483647;
			files = (
				333BF1443832CA1D150D33A1 /* Pods_Ballabbble.framework in Frameworks */,
			);
			runOnlyForDeploymentPostprocessing = 0;
		};
		8D37842B1EDC9AF400B2006A /* Frameworks */ = {
			isa = PBXFrameworksBuildPhase;
			buildActionMask = 2147483647;
			files = (
				B995B748CEA2D87109403327 /* Pods_BallabbbleTests.framework in Frameworks */,
			);
			runOnlyForDeploymentPostprocessing = 0;
		};
/* End PBXFrameworksBuildPhase section */

/* Begin PBXGroup section */
		1D84A28452E0F793FEEE8468 /* Frameworks */ = {
			isa = PBXGroup;
			children = (
				748E620FCA833CD71D06457E /* Pods_Ballabbble.framework */,
				D262430FAAFE43EE7600346C /* Pods_BallabbbleTests.framework */,
			);
			name = Frameworks;
			sourceTree = "<group>";
		};
		371C7C5F1EE00F010027C37E /* ViewControllers */ = {
			isa = PBXGroup;
			children = (
				371C7C611EE011640027C37E /* ShotsViewController.swift */,
				3797A5551F458F2E001A4472 /* SplashViewController.swift */,
			);
			path = ViewControllers;
			sourceTree = "<group>";
		};
		371C7C601EE00F0B0027C37E /* ViewModels */ = {
			isa = PBXGroup;
			children = (
				371C7C761EE01EB50027C37E /* ShotsViewModel.swift */,
			);
			path = ViewModels;
			sourceTree = "<group>";
		};
		371C7C631EE013BA0027C37E /* Extensions */ = {
			isa = PBXGroup;
			children = (
				371C7C641EE013C10027C37E /* ReusableViews */,
				371C7C7B1EE02C9A0027C37E /* Moya+Marshal.swift */,
			);
			path = Extensions;
			sourceTree = "<group>";
		};
		371C7C641EE013C10027C37E /* ReusableViews */ = {
			isa = PBXGroup;
			children = (
				371C7C651EE013D30027C37E /* ReusableView.swift */,
				371C7C661EE013D30027C37E /* UICollectionViewElementKind.swift */,
				371C7C671EE013D30027C37E /* UICollectionViewExtensions.swift */,
				371C7C681EE013D30027C37E /* UIStoryboardExtensions.swift */,
				371C7C691EE013D30027C37E /* UITableViewExtensions.swift */,
			);
			path = ReusableViews;
			sourceTree = "<group>";
		};
		371C7C6F1EE014D50027C37E /* Views */ = {
			isa = PBXGroup;
			children = (
				371C7C721EE01E880027C37E /* ShotCell.swift */,
				371C7C731EE01E880027C37E /* ShotCell.xib */,
			);
			path = Views;
			sourceTree = "<group>";
		};
		371C7C781EE024330027C37E /* ViewModels */ = {
			isa = PBXGroup;
			children = (
				371C7C791EE0243E0027C37E /* ShotsViewModelSpec.swift */,
			);
			path = ViewModels;
			sourceTree = "<group>";
		};
		371C7C7D1EE033880027C37E /* SampleData */ = {
			isa = PBXGroup;
			children = (
				371C7C7E1EE033CE0027C37E /* shots.json */,
			);
			path = SampleData;
			sourceTree = "<group>";
		};
		37D699951EDEF5A4005AE0D8 /* Providers */ = {
			isa = PBXGroup;
			children = (
				371C7C821EE040960027C37E /* Providers.swift */,
				371C7C801EE034800027C37E /* MoyaProvider+Helpers.swift */,
				371C7C7D1EE033880027C37E /* SampleData */,
				37D699961EDEF5BB005AE0D8 /* Dribbble.swift */,
				37EBDF991F3C6F5100871ADB /* AuthProvider.swift */,
			);
			path = Providers;
			sourceTree = "<group>";
		};
		37D699981EDFF687005AE0D8 /* Models */ = {
			isa = PBXGroup;
			children = (
				371C7C591EE00CDF0027C37E /* Marshal+Extensions.swift */,
				37D699991EDFF68F005AE0D8 /* Shot.swift */,
				371C7C5B1EE00DD10027C37E /* Team.swift */,
				371C7C5D1EE00DDF0027C37E /* User.swift */,
			);
			path = Models;
			sourceTree = "<group>";
		};
		6CA646B9D449A6B27A983441 /* Pods */ = {
			isa = PBXGroup;
			children = (
				4B7F9D8AFF22948265AD4FA8 /* Pods-Ballabbble.debug.xcconfig */,
				6007F9DEB4A853A3BB463B28 /* Pods-Ballabbble.release.xcconfig */,
				96923C84000E1190E49A31AB /* Pods-BallabbbleTests.debug.xcconfig */,
				EC01AE3182F533789F38A2BB /* Pods-BallabbbleTests.release.xcconfig */,
			);
			name = Pods;
			sourceTree = "<group>";
		};
		8D3784111EDC9AF400B2006A = {
			isa = PBXGroup;
			children = (
				8D37841C1EDC9AF400B2006A /* Ballabbble */,
				8D3784311EDC9AF400B2006A /* BallabbbleTests */,
				1D84A28452E0F793FEEE8468 /* Frameworks */,
				6CA646B9D449A6B27A983441 /* Pods */,
				8D37841B1EDC9AF400B2006A /* Products */,
			);
			sourceTree = "<group>";
		};
		8D37841B1EDC9AF400B2006A /* Products */ = {
			isa = PBXGroup;
			children = (
				8D37841A1EDC9AF400B2006A /* Ballabbble.app */,
				8D37842E1EDC9AF400B2006A /* BallabbbleTests.xctest */,
			);
			name = Products;
			sourceTree = "<group>";
		};
		8D37841C1EDC9AF400B2006A /* Ballabbble */ = {
			isa = PBXGroup;
			children = (
				371C7C631EE013BA0027C37E /* Extensions */,
				37D699981EDFF687005AE0D8 /* Models */,
				37D699951EDEF5A4005AE0D8 /* Providers */,
				371C7C5F1EE00F010027C37E /* ViewControllers */,
				371C7C601EE00F0B0027C37E /* ViewModels */,
				371C7C6F1EE014D50027C37E /* Views */,
				8D37841D1EDC9AF400B2006A /* AppDelegate.swift */,
				8D3784241EDC9AF400B2006A /* Assets.xcassets */,
				8D3784291EDC9AF400B2006A /* Info.plist */,
				8D3784261EDC9AF400B2006A /* LaunchScreen.storyboard */,
				3797A5571F459493001A4472 /* Main.storyboard */,
			);
			path = Ballabbble;
			sourceTree = "<group>";
		};
		8D3784311EDC9AF400B2006A /* BallabbbleTests */ = {
			isa = PBXGroup;
			children = (
				371C7C781EE024330027C37E /* ViewModels */,
				8D3784341EDC9AF400B2006A /* Info.plist */,
			);
			path = BallabbbleTests;
			sourceTree = "<group>";
		};
/* End PBXGroup section */

/* Begin PBXNativeTarget section */
		8D3784191EDC9AF400B2006A /* Ballabbble */ = {
			isa = PBXNativeTarget;
			buildConfigurationList = 8D3784371EDC9AF500B2006A /* Build configuration list for PBXNativeTarget "Ballabbble" */;
			buildPhases = (
				8229EE705E840B2C60CF3491 /* [CP] Check Pods Manifest.lock */,
				8D3784161EDC9AF400B2006A /* Sources */,
				8D3784171EDC9AF400B2006A /* Frameworks */,
				8D3784181EDC9AF400B2006A /* Resources */,
				7421EB65088FF0A53761CD32 /* [CP] Embed Pods Frameworks */,
				37A9636B335C21E0A31F0CA7 /* [CP] Copy Pods Resources */,
				37D699941EDEEFFD005AE0D8 /* Swiftlint */,
			);
			buildRules = (
			);
			dependencies = (
			);
			name = Ballabbble;
			productName = Ballabbble;
			productReference = 8D37841A1EDC9AF400B2006A /* Ballabbble.app */;
			productType = "com.apple.product-type.application";
		};
		8D37842D1EDC9AF400B2006A /* BallabbbleTests */ = {
			isa = PBXNativeTarget;
			buildConfigurationList = 8D37843A1EDC9AF500B2006A /* Build configuration list for PBXNativeTarget "BallabbbleTests" */;
			buildPhases = (
				523CCC18B7B0C24723736AE0 /* [CP] Check Pods Manifest.lock */,
				8D37842A1EDC9AF400B2006A /* Sources */,
				8D37842B1EDC9AF400B2006A /* Frameworks */,
				8D37842C1EDC9AF400B2006A /* Resources */,
				AEC36F51274745682B694407 /* [CP] Embed Pods Frameworks */,
				3EAB3D5E60FC52AB3F504B0E /* [CP] Copy Pods Resources */,
			);
			buildRules = (
			);
			dependencies = (
				8D3784301EDC9AF400B2006A /* PBXTargetDependency */,
			);
			name = BallabbbleTests;
			productName = BallabbbleTests;
			productReference = 8D37842E1EDC9AF400B2006A /* BallabbbleTests.xctest */;
			productType = "com.apple.product-type.bundle.unit-test";
		};
/* End PBXNativeTarget section */

/* Begin PBXProject section */
		8D3784121EDC9AF400B2006A /* Project object */ = {
			isa = PBXProject;
			attributes = {
				LastSwiftUpdateCheck = 0830;
				LastUpgradeCheck = 0830;
				ORGANIZATIONNAME = "Alex Agapov";
				TargetAttributes = {
					8D3784191EDC9AF400B2006A = {
						CreatedOnToolsVersion = 8.3.2;
						DevelopmentTeam = 7J9NCU659T;
						ProvisioningStyle = Automatic;
					};
					8D37842D1EDC9AF400B2006A = {
						CreatedOnToolsVersion = 8.3.2;
						DevelopmentTeam = 7J9NCU659T;
						ProvisioningStyle = Automatic;
						TestTargetID = 8D3784191EDC9AF400B2006A;
					};
				};
			};
			buildConfigurationList = 8D3784151EDC9AF400B2006A /* Build configuration list for PBXProject "Ballabbble" */;
			compatibilityVersion = "Xcode 3.2";
			developmentRegion = English;
			hasScannedForEncodings = 0;
			knownRegions = (
				en,
				Base,
			);
			mainGroup = 8D3784111EDC9AF400B2006A;
			productRefGroup = 8D37841B1EDC9AF400B2006A /* Products */;
			projectDirPath = "";
			projectRoot = "";
			targets = (
				8D3784191EDC9AF400B2006A /* Ballabbble */,
				8D37842D1EDC9AF400B2006A /* BallabbbleTests */,
			);
		};
/* End PBXProject section */

/* Begin PBXResourcesBuildPhase section */
		8D3784181EDC9AF400B2006A /* Resources */ = {
			isa = PBXResourcesBuildPhase;
			buildActionMask = 2147483647;
			files = (
				371C7C7F1EE033CE0027C37E /* shots.json in Resources */,
				3797A5591F459493001A4472 /* Main.storyboard in Resources */,
				8D3784281EDC9AF400B2006A /* LaunchScreen.storyboard in Resources */,
				8D3784251EDC9AF400B2006A /* Assets.xcassets in Resources */,
				371C7C751EE01E880027C37E /* ShotCell.xib in Resources */,
			);
			runOnlyForDeploymentPostprocessing = 0;
		};
		8D37842C1EDC9AF400B2006A /* Resources */ = {
			isa = PBXResourcesBuildPhase;
			buildActionMask = 2147483647;
			files = (
			);
			runOnlyForDeploymentPostprocessing = 0;
		};
/* End PBXResourcesBuildPhase section */

/* Begin PBXShellScriptBuildPhase section */
		37A9636B335C21E0A31F0CA7 /* [CP] Copy Pods Resources */ = {
			isa = PBXShellScriptBuildPhase;
			buildActionMask = 2147483647;
			files = (
			);
			inputPaths = (
			);
			name = "[CP] Copy Pods Resources";
			outputPaths = (
			);
			runOnlyForDeploymentPostprocessing = 0;
			shellPath = /bin/sh;
			shellScript = "\"${SRCROOT}/Pods/Target Support Files/Pods-Ballabbble/Pods-Ballabbble-resources.sh\"\n";
			showEnvVarsInLog = 0;
		};
		37D699941EDEEFFD005AE0D8 /* Swiftlint */ = {
			isa = PBXShellScriptBuildPhase;
			buildActionMask = 2147483647;
			files = (
			);
			inputPaths = (
			);
			name = Swiftlint;
			outputPaths = (
			);
			runOnlyForDeploymentPostprocessing = 0;
			shellPath = /bin/sh;
			shellScript = "if which swiftlint >/dev/null; then\n    swiftlint\nelse\n    echo \"warning: SwiftLint not installed, download from https://github.com/realm/SwiftLint\"\nfi";
		};
		3EAB3D5E60FC52AB3F504B0E /* [CP] Copy Pods Resources */ = {
			isa = PBXShellScriptBuildPhase;
			buildActionMask = 2147483647;
			files = (
			);
			inputPaths = (
			);
			name = "[CP] Copy Pods Resources";
			outputPaths = (
			);
			runOnlyForDeploymentPostprocessing = 0;
			shellPath = /bin/sh;
			shellScript = "\"${SRCROOT}/Pods/Target Support Files/Pods-BallabbbleTests/Pods-BallabbbleTests-resources.sh\"\n";
			showEnvVarsInLog = 0;
		};
		523CCC18B7B0C24723736AE0 /* [CP] Check Pods Manifest.lock */ = {
			isa = PBXShellScriptBuildPhase;
			buildActionMask = 2147483647;
			files = (
			);
			inputPaths = (
				"${PODS_PODFILE_DIR_PATH}/Podfile.lock",
				"${PODS_ROOT}/Manifest.lock",
			);
			name = "[CP] Check Pods Manifest.lock";
			outputPaths = (
				"$(DERIVED_FILE_DIR)/Pods-BallabbbleTests-checkManifestLockResult.txt",
			);
			runOnlyForDeploymentPostprocessing = 0;
			shellPath = /bin/sh;
			shellScript = "diff \"${PODS_PODFILE_DIR_PATH}/Podfile.lock\" \"${PODS_ROOT}/Manifest.lock\" > /dev/null\nif [ $? != 0 ] ; then\n    # print error to STDERR\n    echo \"error: The sandbox is not in sync with the Podfile.lock. Run 'pod install' or update your CocoaPods installation.\" >&2\n    exit 1\nfi\n";
			showEnvVarsInLog = 0;
		};
		7421EB65088FF0A53761CD32 /* [CP] Embed Pods Frameworks */ = {
			isa = PBXShellScriptBuildPhase;
			buildActionMask = 2147483647;
			files = (
			);
			inputPaths = (
				"${SRCROOT}/Pods/Target Support Files/Pods-Ballabbble/Pods-Ballabbble-frameworks.sh",
				"${BUILT_PRODUCTS_DIR}/Alamofire/Alamofire.framework",
				"${BUILT_PRODUCTS_DIR}/Cartography/Cartography.framework",
				"${BUILT_PRODUCTS_DIR}/Differentiator/Differentiator.framework",
				"${BUILT_PRODUCTS_DIR}/Kingfisher/Kingfisher.framework",
				"${BUILT_PRODUCTS_DIR}/Marshal/Marshal.framework",
				"${BUILT_PRODUCTS_DIR}/Moya/Moya.framework",
				"${BUILT_PRODUCTS_DIR}/Result/Result.framework",
				"${BUILT_PRODUCTS_DIR}/RxCocoa/RxCocoa.framework",
				"${BUILT_PRODUCTS_DIR}/RxDataSources/RxDataSources.framework",
				"${BUILT_PRODUCTS_DIR}/RxSwift/RxSwift.framework",
			);
			name = "[CP] Embed Pods Frameworks";
			outputPaths = (
				"${TARGET_BUILD_DIR}/${FRAMEWORKS_FOLDER_PATH}/Alamofire.framework",
				"${TARGET_BUILD_DIR}/${FRAMEWORKS_FOLDER_PATH}/Cartography.framework",
				"${TARGET_BUILD_DIR}/${FRAMEWORKS_FOLDER_PATH}/Differentiator.framework",
				"${TARGET_BUILD_DIR}/${FRAMEWORKS_FOLDER_PATH}/Kingfisher.framework",
				"${TARGET_BUILD_DIR}/${FRAMEWORKS_FOLDER_PATH}/Marshal.framework",
				"${TARGET_BUILD_DIR}/${FRAMEWORKS_FOLDER_PATH}/Moya.framework",
				"${TARGET_BUILD_DIR}/${FRAMEWORKS_FOLDER_PATH}/Result.framework",
				"${TARGET_BUILD_DIR}/${FRAMEWORKS_FOLDER_PATH}/RxCocoa.framework",
				"${TARGET_BUILD_DIR}/${FRAMEWORKS_FOLDER_PATH}/RxDataSources.framework",
				"${TARGET_BUILD_DIR}/${FRAMEWORKS_FOLDER_PATH}/RxSwift.framework",
			);
			runOnlyForDeploymentPostprocessing = 0;
			shellPath = /bin/sh;
			shellScript = "\"${SRCROOT}/Pods/Target Support Files/Pods-Ballabbble/Pods-Ballabbble-frameworks.sh\"\n";
			showEnvVarsInLog = 0;
		};
		8229EE705E840B2C60CF3491 /* [CP] Check Pods Manifest.lock */ = {
			isa = PBXShellScriptBuildPhase;
			buildActionMask = 2147483647;
			files = (
			);
			inputPaths = (
				"${PODS_PODFILE_DIR_PATH}/Podfile.lock",
				"${PODS_ROOT}/Manifest.lock",
			);
			name = "[CP] Check Pods Manifest.lock";
			outputPaths = (
				"$(DERIVED_FILE_DIR)/Pods-Ballabbble-checkManifestLockResult.txt",
			);
			runOnlyForDeploymentPostprocessing = 0;
			shellPath = /bin/sh;
			shellScript = "diff \"${PODS_PODFILE_DIR_PATH}/Podfile.lock\" \"${PODS_ROOT}/Manifest.lock\" > /dev/null\nif [ $? != 0 ] ; then\n    # print error to STDERR\n    echo \"error: The sandbox is not in sync with the Podfile.lock. Run 'pod install' or update your CocoaPods installation.\" >&2\n    exit 1\nfi\n";
			showEnvVarsInLog = 0;
		};
		AEC36F51274745682B694407 /* [CP] Embed Pods Frameworks */ = {
			isa = PBXShellScriptBuildPhase;
			buildActionMask = 2147483647;
			files = (
			);
			inputPaths = (
				"${SRCROOT}/Pods/Target Support Files/Pods-BallabbbleTests/Pods-BallabbbleTests-frameworks.sh",
				"${BUILT_PRODUCTS_DIR}/Nimble/Nimble.framework",
				"${BUILT_PRODUCTS_DIR}/Quick/Quick.framework",
			);
			name = "[CP] Embed Pods Frameworks";
			outputPaths = (
				"${TARGET_BUILD_DIR}/${FRAMEWORKS_FOLDER_PATH}/Nimble.framework",
				"${TARGET_BUILD_DIR}/${FRAMEWORKS_FOLDER_PATH}/Quick.framework",
			);
			runOnlyForDeploymentPostprocessing = 0;
			shellPath = /bin/sh;
			shellScript = "\"${SRCROOT}/Pods/Target Support Files/Pods-BallabbbleTests/Pods-BallabbbleTests-frameworks.sh\"\n";
			showEnvVarsInLog = 0;
		};
/* End PBXShellScriptBuildPhase section */

/* Begin PBXSourcesBuildPhase section */
		8D3784161EDC9AF400B2006A /* Sources */ = {
			isa = PBXSourcesBuildPhase;
			buildActionMask = 2147483647;
			files = (
				371C7C6A1EE013D30027C37E /* ReusableView.swift in Sources */,
				371C7C741EE01E880027C37E /* ShotCell.swift in Sources */,
				371C7C6C1EE013D30027C37E /* UICollectionViewExtensions.swift in Sources */,
				371C7C6B1EE013D30027C37E /* UICollectionViewElementKind.swift in Sources */,
				371C7C811EE034800027C37E /* MoyaProvider+Helpers.swift in Sources */,
				371C7C6E1EE013D30027C37E /* UITableViewExtensions.swift in Sources */,
				37EBDF9A1F3C6F5100871ADB /* AuthProvider.swift in Sources */,
				371C7C831EE040960027C37E /* Providers.swift in Sources */,
				371C7C5C1EE00DD10027C37E /* Team.swift in Sources */,
				371C7C5A1EE00CDF0027C37E /* Marshal+Extensions.swift in Sources */,
				37D699971EDEF5BB005AE0D8 /* Dribbble.swift in Sources */,
				371C7C7C1EE02C9A0027C37E /* Moya+Marshal.swift in Sources */,
				371C7C6D1EE013D30027C37E /* UIStoryboardExtensions.swift in Sources */,
				371C7C621EE011640027C37E /* ShotsViewController.swift in Sources */,
				3797A5561F458F2E001A4472 /* SplashViewController.swift in Sources */,
				8D37841E1EDC9AF400B2006A /* AppDelegate.swift in Sources */,
				37D6999A1EDFF68F005AE0D8 /* Shot.swift in Sources */,
				371C7C5E1EE00DDF0027C37E /* User.swift in Sources */,
				371C7C771EE01EB50027C37E /* ShotsViewModel.swift in Sources */,
			);
			runOnlyForDeploymentPostprocessing = 0;
		};
		8D37842A1EDC9AF400B2006A /* Sources */ = {
			isa = PBXSourcesBuildPhase;
			buildActionMask = 2147483647;
			files = (
				371C7C7A1EE0243E0027C37E /* ShotsViewModelSpec.swift in Sources */,
			);
			runOnlyForDeploymentPostprocessing = 0;
		};
/* End PBXSourcesBuildPhase section */

/* Begin PBXTargetDependency section */
		8D3784301EDC9AF400B2006A /* PBXTargetDependency */ = {
			isa = PBXTargetDependency;
			target = 8D3784191EDC9AF400B2006A /* Ballabbble */;
			targetProxy = 8D37842F1EDC9AF400B2006A /* PBXContainerItemProxy */;
		};
/* End PBXTargetDependency section */

/* Begin PBXVariantGroup section */
		3797A5571F459493001A4472 /* Main.storyboard */ = {
			isa = PBXVariantGroup;
			children = (
				3797A5581F459493001A4472 /* Base */,
			);
			name = Main.storyboard;
			path = ..;
			sourceTree = "<group>";
		};
		8D3784261EDC9AF400B2006A /* LaunchScreen.storyboard */ = {
			isa = PBXVariantGroup;
			children = (
				8D3784271EDC9AF400B2006A /* Base */,
			);
			name = LaunchScreen.storyboard;
			path = .;
			sourceTree = "<group>";
		};
/* End PBXVariantGroup section */

/* Begin XCBuildConfiguration section */
		8D3784351EDC9AF500B2006A /* Debug */ = {
			isa = XCBuildConfiguration;
			buildSettings = {
				ALWAYS_SEARCH_USER_PATHS = NO;
				CLANG_ANALYZER_NONNULL = YES;
				CLANG_ANALYZER_NUMBER_OBJECT_CONVERSION = YES_AGGRESSIVE;
				CLANG_CXX_LANGUAGE_STANDARD = "gnu++0x";
				CLANG_CXX_LIBRARY = "libc++";
				CLANG_ENABLE_MODULES = YES;
				CLANG_ENABLE_OBJC_ARC = YES;
				CLANG_WARN_BOOL_CONVERSION = YES;
				CLANG_WARN_CONSTANT_CONVERSION = YES;
				CLANG_WARN_DIRECT_OBJC_ISA_USAGE = YES_ERROR;
				CLANG_WARN_DOCUMENTATION_COMMENTS = YES;
				CLANG_WARN_EMPTY_BODY = YES;
				CLANG_WARN_ENUM_CONVERSION = YES;
				CLANG_WARN_INFINITE_RECURSION = YES;
				CLANG_WARN_INT_CONVERSION = YES;
				CLANG_WARN_OBJC_ROOT_CLASS = YES_ERROR;
				CLANG_WARN_SUSPICIOUS_MOVE = YES;
				CLANG_WARN_UNREACHABLE_CODE = YES;
				CLANG_WARN__DUPLICATE_METHOD_MATCH = YES;
				"CODE_SIGN_IDENTITY[sdk=iphoneos*]" = "iPhone Developer";
				COPY_PHASE_STRIP = NO;
				DEBUG_INFORMATION_FORMAT = dwarf;
				ENABLE_STRICT_OBJC_MSGSEND = YES;
				ENABLE_TESTABILITY = YES;
				GCC_C_LANGUAGE_STANDARD = gnu99;
				GCC_DYNAMIC_NO_PIC = NO;
				GCC_NO_COMMON_BLOCKS = YES;
				GCC_OPTIMIZATION_LEVEL = 0;
				GCC_PREPROCESSOR_DEFINITIONS = (
					"DEBUG=1",
					"$(inherited)",
				);
				GCC_WARN_64_TO_32_BIT_CONVERSION = YES;
				GCC_WARN_ABOUT_RETURN_TYPE = YES_ERROR;
				GCC_WARN_UNDECLARED_SELECTOR = YES;
				GCC_WARN_UNINITIALIZED_AUTOS = YES_AGGRESSIVE;
				GCC_WARN_UNUSED_FUNCTION = YES;
				GCC_WARN_UNUSED_VARIABLE = YES;
				IPHONEOS_DEPLOYMENT_TARGET = 10.3;
				MTL_ENABLE_DEBUG_INFO = YES;
				ONLY_ACTIVE_ARCH = YES;
				OTHER_SWIFT_FLAGS = "-D DEBUG";
				SDKROOT = iphoneos;
				SWIFT_ACTIVE_COMPILATION_CONDITIONS = DEBUG;
				SWIFT_OPTIMIZATION_LEVEL = "-Onone";
			};
			name = Debug;
		};
		8D3784361EDC9AF500B2006A /* Release */ = {
			isa = XCBuildConfiguration;
			buildSettings = {
				ALWAYS_SEARCH_USER_PATHS = NO;
				CLANG_ANALYZER_NONNULL = YES;
				CLANG_ANALYZER_NUMBER_OBJECT_CONVERSION = YES_AGGRESSIVE;
				CLANG_CXX_LANGUAGE_STANDARD = "gnu++0x";
				CLANG_CXX_LIBRARY = "libc++";
				CLANG_ENABLE_MODULES = YES;
				CLANG_ENABLE_OBJC_ARC = YES;
				CLANG_WARN_BOOL_CONVERSION = YES;
				CLANG_WARN_CONSTANT_CONVERSION = YES;
				CLANG_WARN_DIRECT_OBJC_ISA_USAGE = YES_ERROR;
				CLANG_WARN_DOCUMENTATION_COMMENTS = YES;
				CLANG_WARN_EMPTY_BODY = YES;
				CLANG_WARN_ENUM_CONVERSION = YES;
				CLANG_WARN_INFINITE_RECURSION = YES;
				CLANG_WARN_INT_CONVERSION = YES;
				CLANG_WARN_OBJC_ROOT_CLASS = YES_ERROR;
				CLANG_WARN_SUSPICIOUS_MOVE = YES;
				CLANG_WARN_UNREACHABLE_CODE = YES;
				CLANG_WARN__DUPLICATE_METHOD_MATCH = YES;
				"CODE_SIGN_IDENTITY[sdk=iphoneos*]" = "iPhone Developer";
				COPY_PHASE_STRIP = NO;
				DEBUG_INFORMATION_FORMAT = "dwarf-with-dsym";
				ENABLE_NS_ASSERTIONS = NO;
				ENABLE_STRICT_OBJC_MSGSEND = YES;
				GCC_C_LANGUAGE_STANDARD = gnu99;
				GCC_NO_COMMON_BLOCKS = YES;
				GCC_WARN_64_TO_32_BIT_CONVERSION = YES;
				GCC_WARN_ABOUT_RETURN_TYPE = YES_ERROR;
				GCC_WARN_UNDECLARED_SELECTOR = YES;
				GCC_WARN_UNINITIALIZED_AUTOS = YES_AGGRESSIVE;
				GCC_WARN_UNUSED_FUNCTION = YES;
				GCC_WARN_UNUSED_VARIABLE = YES;
				IPHONEOS_DEPLOYMENT_TARGET = 10.3;
				MTL_ENABLE_DEBUG_INFO = NO;
				SDKROOT = iphoneos;
				SWIFT_OPTIMIZATION_LEVEL = "-Owholemodule";
				VALIDATE_PRODUCT = YES;
			};
			name = Release;
		};
		8D3784381EDC9AF500B2006A /* Debug */ = {
			isa = XCBuildConfiguration;
			baseConfigurationReference = 4B7F9D8AFF22948265AD4FA8 /* Pods-Ballabbble.debug.xcconfig */;
			buildSettings = {
				ASSETCATALOG_COMPILER_APPICON_NAME = AppIcon;
				DEVELOPMENT_TEAM = 7J9NCU659T;
				INFOPLIST_FILE = Ballabbble/Info.plist;
				IPHONEOS_DEPLOYMENT_TARGET = 9.0;
				LD_RUNPATH_SEARCH_PATHS = "$(inherited) @executable_path/Frameworks";
				PRODUCT_BUNDLE_IDENTIFIER = one.agapov.Ballabbble;
				PRODUCT_NAME = "$(TARGET_NAME)";
				SWIFT_VERSION = 3.0;
			};
			name = Debug;
		};
		8D3784391EDC9AF500B2006A /* Release */ = {
			isa = XCBuildConfiguration;
			baseConfigurationReference = 6007F9DEB4A853A3BB463B28 /* Pods-Ballabbble.release.xcconfig */;
			buildSettings = {
				ASSETCATALOG_COMPILER_APPICON_NAME = AppIcon;
				DEVELOPMENT_TEAM = 7J9NCU659T;
				INFOPLIST_FILE = Ballabbble/Info.plist;
				IPHONEOS_DEPLOYMENT_TARGET = 9.0;
				LD_RUNPATH_SEARCH_PATHS = "$(inherited) @executable_path/Frameworks";
				PRODUCT_BUNDLE_IDENTIFIER = one.agapov.Ballabbble;
				PRODUCT_NAME = "$(TARGET_NAME)";
				SWIFT_VERSION = 3.0;
			};
			name = Release;
		};
		8D37843B1EDC9AF500B2006A /* Debug */ = {
			isa = XCBuildConfiguration;
			baseConfigurationReference = 96923C84000E1190E49A31AB /* Pods-BallabbbleTests.debug.xcconfig */;
			buildSettings = {
				BUNDLE_LOADER = "$(TEST_HOST)";
				DEVELOPMENT_TEAM = 7J9NCU659T;
				INFOPLIST_FILE = BallabbbleTests/Info.plist;
				LD_RUNPATH_SEARCH_PATHS = "$(inherited) @executable_path/Frameworks @loader_path/Frameworks";
				PRODUCT_BUNDLE_IDENTIFIER = one.agapov.BallabbbleTests;
				PRODUCT_NAME = "$(TARGET_NAME)";
				SWIFT_VERSION = 3.0;
				TEST_HOST = "$(BUILT_PRODUCTS_DIR)/Ballabbble.app/Ballabbble";
			};
			name = Debug;
		};
		8D37843C1EDC9AF500B2006A /* Release */ = {
			isa = XCBuildConfiguration;
			baseConfigurationReference = EC01AE3182F533789F38A2BB /* Pods-BallabbbleTests.release.xcconfig */;
			buildSettings = {
				BUNDLE_LOADER = "$(TEST_HOST)";
				DEVELOPMENT_TEAM = 7J9NCU659T;
				INFOPLIST_FILE = BallabbbleTests/Info.plist;
				LD_RUNPATH_SEARCH_PATHS = "$(inherited) @executable_path/Frameworks @loader_path/Frameworks";
				PRODUCT_BUNDLE_IDENTIFIER = one.agapov.BallabbbleTests;
				PRODUCT_NAME = "$(TARGET_NAME)";
				SWIFT_VERSION = 3.0;
				TEST_HOST = "$(BUILT_PRODUCTS_DIR)/Ballabbble.app/Ballabbble";
			};
			name = Release;
		};
/* End XCBuildConfiguration section */

/* Begin XCConfigurationList section */
		8D3784151EDC9AF400B2006A /* Build configuration list for PBXProject "Ballabbble" */ = {
			isa = XCConfigurationList;
			buildConfigurations = (
				8D3784351EDC9AF500B2006A /* Debug */,
				8D3784361EDC9AF500B2006A /* Release */,
			);
			defaultConfigurationIsVisible = 0;
			defaultConfigurationName = Release;
		};
		8D3784371EDC9AF500B2006A /* Build configuration list for PBXNativeTarget "Ballabbble" */ = {
			isa = XCConfigurationList;
			buildConfigurations = (
				8D3784381EDC9AF500B2006A /* Debug */,
				8D3784391EDC9AF500B2006A /* Release */,
			);
			defaultConfigurationIsVisible = 0;
			defaultConfigurationName = Release;
		};
		8D37843A1EDC9AF500B2006A /* Build configuration list for PBXNativeTarget "BallabbbleTests" */ = {
			isa = XCConfigurationList;
			buildConfigurations = (
				8D37843B1EDC9AF500B2006A /* Debug */,
				8D37843C1EDC9AF500B2006A /* Release */,
			);
			defaultConfigurationIsVisible = 0;
			defaultConfigurationName = Release;
		};
/* End XCConfigurationList section */
	};
	rootObject = 8D3784121EDC9AF400B2006A /* Project object */;
}
